
Microsoft Visual Studio Solution File, Format Version 12.00
# Visual Studio Version 16
VisualStudioVersion = 16.0.31702.278
MinimumVisualStudioVersion = 10.0.40219.1
Project("{2150E333-8FDC-42A3-9474-1A3956D46DE8}") = "AccesoDatos", "AccesoDatos", "{00F603E9-BC95-43AE-8DF7-9709A664030C}"
EndProject
Project("{2150E333-8FDC-42A3-9474-1A3956D46DE8}") = "Negocio", "Negocio", "{0E979359-0628-4C9C-A1E3-E73473C41258}"
EndProject
Project("{2150E333-8FDC-42A3-9474-1A3956D46DE8}") = "Servicios", "Servicios", "{CC000CAD-01A0-409D-B011-F32F7EBF67C0}"
EndProject
Project("{2150E333-8FDC-42A3-9474-1A3956D46DE8}") = "Transversal", "Transversal", "{CB9FA904-9421-43DA-8965-A212886EB3E2}"
EndProject
Project("{2150E333-8FDC-42A3-9474-1A3956D46DE8}") = "Presentacion", "Presentacion", "{7F0DD19F-435B-4DEA-803A-17E3AD25ED50}"
EndProject
Project("{FAE04EC0-301F-11D3-BF4B-00C04F79EFBC}") = "GrupoBIOS_PEDWEB.DM", "GrupoBIOS_PEDWEB.DM\GrupoBIOS_PEDWEB.DM.csproj", "{D68C9E72-B706-4D0A-AD80-6ED57D658D0C}"
EndProject
Project("{FAE04EC0-301F-11D3-BF4B-00C04F79EFBC}") = "GrupoBIOS_PEDWEB.BM", "GrupoBIOS_PEDWEB.BM\GrupoBIOS_PEDWEB.BM.csproj", "{E31CE7BE-5A5C-4F8F-950D-335BAB7D187E}"
EndProject
Project("{FAE04EC0-301F-11D3-BF4B-00C04F79EFBC}") = "GrupoBIOS_PEDWEB.PWA", "GrupoBIOS_PEDWEB.PWA\GrupoBIOS_PEDWEB.PWA.csproj", "{7F1B520D-07DA-4B17-9CBF-9115B2B0AB45}"
EndProject
Project("{FAE04EC0-301F-11D3-BF4B-00C04F79EFBC}") = "GrupoBIOS_PEDWEB.DT", "GrupoBIOS_PEDWEB.DT\GrupoBIOS_PEDWEB.DT.csproj", "{3DDCC858-CCB8-4BE2-AD5D-1C8E22563022}"
EndProject
Project("{FAE04EC0-301F-11D3-BF4B-00C04F79EFBC}") = "GrupoBIOS_PEDWEB.API", "GrupoBIOS_PEDWEB.API\GrupoBIOS_PEDWEB.API.csproj", "{3CD8B481-4044-4D4F-851D-5ED22134860C}"
EndProject
Global
	GlobalSection(SolutionConfigurationPlatforms) = preSolution
		Debug|Any CPU = Debug|Any CPU
		Release|Any CPU = Release|Any CPU
	EndGlobalSection
	GlobalSection(ProjectConfigurationPlatforms) = postSolution
		{D68C9E72-B706-4D0A-AD80-6ED57D658D0C}.Debug|Any CPU.ActiveCfg = Debug|Any CPU
		{D68C9E72-B706-4D0A-AD80-6ED57D658D0C}.Debug|Any CPU.Build.0 = Debug|Any CPU
		{D68C9E72-B706-4D0A-AD80-6ED57D658D0C}.Release|Any CPU.ActiveCfg = Release|Any CPU
		{D68C9E72-B706-4D0A-AD80-6ED57D658D0C}.Release|Any CPU.Build.0 = Release|Any CPU
		{E31CE7BE-5A5C-4F8F-950D-335BAB7D187E}.Debug|Any CPU.ActiveCfg = Debug|Any CPU
		{E31CE7BE-5A5C-4F8F-950D-335BAB7D187E}.Debug|Any CPU.Build.0 = Debug|Any CPU
		{E31CE7BE-5A5C-4F8F-950D-335BAB7D187E}.Release|Any CPU.ActiveCfg = Release|Any CPU
		{E31CE7BE-5A5C-4F8F-950D-335BAB7D187E}.Release|Any CPU.Build.0 = Release|Any CPU
		{7F1B520D-07DA-4B17-9CBF-9115B2B0AB45}.Debug|Any CPU.ActiveCfg = Debug|Any CPU
		{7F1B520D-07DA-4B17-9CBF-9115B2B0AB45}.Debug|Any CPU.Build.0 = Debug|Any CPU
		{7F1B520D-07DA-4B17-9CBF-9115B2B0AB45}.Release|Any CPU.ActiveCfg = Release|Any CPU
		{7F1B520D-07DA-4B17-9CBF-9115B2B0AB45}.Release|Any CPU.Build.0 = Release|Any CPU
		{3DDCC858-CCB8-4BE2-AD5D-1C8E22563022}.Debug|Any CPU.ActiveCfg = Debug|Any CPU
		{3DDCC858-CCB8-4BE2-AD5D-1C8E22563022}.Debug|Any CPU.Build.0 = Debug|Any CPU
		{3DDCC858-CCB8-4BE2-AD5D-1C8E22563022}.Release|Any CPU.ActiveCfg = Release|Any CPU
		{3DDCC858-CCB8-4BE2-AD5D-1C8E22563022}.Release|Any CPU.Build.0 = Release|Any CPU
		{3CD8B481-4044-4D4F-851D-5ED22134860C}.Debug|Any CPU.ActiveCfg = Debug|Any CPU
		{3CD8B481-4044-4D4F-851D-5ED22134860C}.Debug|Any CPU.Build.0 = Debug|Any CPU
		{3CD8B481-4044-4D4F-851D-5ED22134860C}.Release|Any CPU.ActiveCfg = Release|Any CPU
		{3CD8B481-4044-4D4F-851D-5ED22134860C}.Release|Any CPU.Build.0 = Release|Any CPU
	EndGlobalSection
	GlobalSection(SolutionProperties) = preSolution
		HideSolutionNode = FALSE
	EndGlobalSection
	GlobalSection(NestedProjects) = preSolution
		{D68C9E72-B706-4D0A-AD80-6ED57D658D0C} = {00F603E9-BC95-43AE-8DF7-9709A664030C}
		{E31CE7BE-5A5C-4F8F-950D-335BAB7D187E} = {0E979359-0628-4C9C-A1E3-E73473C41258}
		{7F1B520D-07DA-4B17-9CBF-9115B2B0AB45} = {7F0DD19F-435B-4DEA-803A-17E3AD25ED50}
		{3DDCC858-CCB8-4BE2-AD5D-1C8E22563022} = {CB9FA904-9421-43DA-8965-A212886EB3E2}
		{3CD8B481-4044-4D4F-851D-5ED22134860C} = {CC000CAD-01A0-409D-B011-F32F7EBF67C0}
	EndGlobalSection
	GlobalSection(ExtensibilityGlobals) = postSolution
		SolutionGuid = {A58A492E-DC3A-4ECA-9A13-88AD848F3430}
	EndGlobalSection
EndGlobal
